
Microsoft Visual Studio Solution File, Format Version 10.00
# Visual Studio 2008
Project("{8BC9CEB8-8B4A-11D0-8D11-00A0C91BC942}") = "app_mfc", "app_mfc\app_mfc.vcproj", "{ED9CEF05-59C6-452B-B662-7CDC2003FEA5}"
EndProject
Global
	GlobalSection(SolutionConfigurationPlatforms) = preSolution
		Debug|Win32 = Debug|Win32
		Release|Win32 = Release|Win32
	EndGlobalSection
	GlobalSection(ProjectConfigurationPlatforms) = postSolution
		{ED9CEF05-59C6-452B-B662-7CDC2003FEA5}.Debug|Win32.ActiveCfg = Debug|Win32
		{ED9CEF05-59C6-452B-B662-7CDC2003FEA5}.Debug|Win32.Build.0 = Debug|Win32
		{ED9CEF05-59C6-452B-B662-7CDC2003FEA5}.Release|Win32.ActiveCfg = Release|Win32
		{ED9CEF05-59C6-452B-B662-7CDC2003FEA5}.Release|Win32.Build.0 = Release|Win32
	EndGlobalSection
	GlobalSection(SolutionProperties) = preSolution
		HideSolutionNode = FALSE
	EndGlobalSection
EndGlobal
